// !$*UTF8*$!
{
	archiveVersion = 1;
	classes = {
	};
	objectVersion = 46;
	objects = {

/* Begin PBXBuildFile section */
		B548A4311CE8FFC40084215C /* AppDelegate.swift in Sources */ = {isa = PBXBuildFile; fileRef = B548A4301CE8FFC40084215C /* AppDelegate.swift */; };
		B548A4331CE8FFC40084215C /* ViewController.swift in Sources */ = {isa = PBXBuildFile; fileRef = B548A4321CE8FFC40084215C /* ViewController.swift */; };
		B548A4361CE8FFC40084215C /* Main.storyboard in Resources */ = {isa = PBXBuildFile; fileRef = B548A4341CE8FFC40084215C /* Main.storyboard */; };
		B548A4381CE8FFC40084215C /* Assets.xcassets in Resources */ = {isa = PBXBuildFile; fileRef = B548A4371CE8FFC40084215C /* Assets.xcassets */; };
		B548A43B1CE8FFC40084215C /* LaunchScreen.storyboard in Resources */ = {isa = PBXBuildFile; fileRef = B548A4391CE8FFC40084215C /* LaunchScreen.storyboard */; };
		B548A44A1CE903690084215C /* NotoSans-Bold.ttf in Resources */ = {isa = PBXBuildFile; fileRef = B548A4461CE903690084215C /* NotoSans-Bold.ttf */; };
		B548A44B1CE903690084215C /* NotoSans-BoldItalic.ttf in Resources */ = {isa = PBXBuildFile; fileRef = B548A4471CE903690084215C /* NotoSans-BoldItalic.ttf */; };
		B548A44C1CE903690084215C /* NotoSans-Italic.ttf in Resources */ = {isa = PBXBuildFile; fileRef = B548A4481CE903690084215C /* NotoSans-Italic.ttf */; };
		B548A44D1CE903690084215C /* NotoSans-Regular.ttf in Resources */ = {isa = PBXBuildFile; fileRef = B548A4491CE903690084215C /* NotoSans-Regular.ttf */; };
		B548A44F1CE905950084215C /* RoundedViews.swift in Sources */ = {isa = PBXBuildFile; fileRef = B548A44E1CE905950084215C /* RoundedViews.swift */; };
		B548A4521CE906A80084215C /* Constants.swift in Sources */ = {isa = PBXBuildFile; fileRef = B548A4511CE906A80084215C /* Constants.swift */; };
		B548A4541CE90A5E0084215C /* MaterialButton.swift in Sources */ = {isa = PBXBuildFile; fileRef = B548A4531CE90A5E0084215C /* MaterialButton.swift */; };
		B548A4561CE90F630084215C /* MaterialTextField.swift in Sources */ = {isa = PBXBuildFile; fileRef = B548A4551CE90F630084215C /* MaterialTextField.swift */; };
		B548A45A1CE913910084215C /* FBSDKCoreKit.framework in Frameworks */ = {isa = PBXBuildFile; fileRef = B548A4581CE913910084215C /* FBSDKCoreKit.framework */; };
		B548A45B1CE913910084215C /* FBSDKLoginKit.framework in Frameworks */ = {isa = PBXBuildFile; fileRef = B548A4591CE913910084215C /* FBSDKLoginKit.framework */; };
/* End PBXBuildFile section */

/* Begin PBXFileReference section */
		B548A42D1CE8FFC40084215C /* DevslopesFirebaseShowcase.app */ = {isa = PBXFileReference; explicitFileType = wrapper.application; includeInIndex = 0; path = DevslopesFirebaseShowcase.app; sourceTree = BUILT_PRODUCTS_DIR; };
		B548A4301CE8FFC40084215C /* AppDelegate.swift */ = {isa = PBXFileReference; lastKnownFileType = sourcecode.swift; path = AppDelegate.swift; sourceTree = "<group>"; };
		B548A4321CE8FFC40084215C /* ViewController.swift */ = {isa = PBXFileReference; lastKnownFileType = sourcecode.swift; path = ViewController.swift; sourceTree = "<group>"; };
		B548A4351CE8FFC40084215C /* Base */ = {isa = PBXFileReference; lastKnownFileType = file.storyboard; name = Base; path = Base.lproj/Main.storyboard; sourceTree = "<group>"; };
		B548A4371CE8FFC40084215C /* Assets.xcassets */ = {isa = PBXFileReference; lastKnownFileType = folder.assetcatalog; path = Assets.xcassets; sourceTree = "<group>"; };
		B548A43A1CE8FFC40084215C /* Base */ = {isa = PBXFileReference; lastKnownFileType = file.storyboard; name = Base; path = Base.lproj/LaunchScreen.storyboard; sourceTree = "<group>"; };
		B548A43C1CE8FFC40084215C /* Info.plist */ = {isa = PBXFileReference; lastKnownFileType = text.plist.xml; path = Info.plist; sourceTree = "<group>"; };
		B548A4461CE903690084215C /* NotoSans-Bold.ttf */ = {isa = PBXFileReference; lastKnownFileType = file; path = "NotoSans-Bold.ttf"; sourceTree = "<group>"; };
		B548A4471CE903690084215C /* NotoSans-BoldItalic.ttf */ = {isa = PBXFileReference; lastKnownFileType = file; path = "NotoSans-BoldItalic.ttf"; sourceTree = "<group>"; };
		B548A4481CE903690084215C /* NotoSans-Italic.ttf */ = {isa = PBXFileReference; lastKnownFileType = file; path = "NotoSans-Italic.ttf"; sourceTree = "<group>"; };
		B548A4491CE903690084215C /* NotoSans-Regular.ttf */ = {isa = PBXFileReference; lastKnownFileType = file; path = "NotoSans-Regular.ttf"; sourceTree = "<group>"; };
		B548A44E1CE905950084215C /* RoundedViews.swift */ = {isa = PBXFileReference; fileEncoding = 4; lastKnownFileType = sourcecode.swift; path = RoundedViews.swift; sourceTree = "<group>"; };
		B548A4511CE906A80084215C /* Constants.swift */ = {isa = PBXFileReference; fileEncoding = 4; lastKnownFileType = sourcecode.swift; path = Constants.swift; sourceTree = "<group>"; };
		B548A4531CE90A5E0084215C /* MaterialButton.swift */ = {isa = PBXFileReference; fileEncoding = 4; lastKnownFileType = sourcecode.swift; path = MaterialButton.swift; sourceTree = "<group>"; };
		B548A4551CE90F630084215C /* MaterialTextField.swift */ = {isa = PBXFileReference; fileEncoding = 4; lastKnownFileType = sourcecode.swift; path = MaterialTextField.swift; sourceTree = "<group>"; };
		B548A4581CE913910084215C /* FBSDKCoreKit.framework */ = {isa = PBXFileReference; lastKnownFileType = wrapper.framework; path = FBSDKCoreKit.framework; sourceTree = "<group>"; };
		B548A4591CE913910084215C /* FBSDKLoginKit.framework */ = {isa = PBXFileReference; lastKnownFileType = wrapper.framework; path = FBSDKLoginKit.framework; sourceTree = "<group>"; };
/* End PBXFileReference section */

/* Begin PBXFrameworksBuildPhase section */
		B548A42A1CE8FFC40084215C /* Frameworks */ = {
			isa = PBXFrameworksBuildPhase;
			buildActionMask = 2147483647;
			files = (
				B548A45B1CE913910084215C /* FBSDKLoginKit.framework in Frameworks */,
				B548A45A1CE913910084215C /* FBSDKCoreKit.framework in Frameworks */,
			);
			runOnlyForDeploymentPostprocessing = 0;
		};
/* End PBXFrameworksBuildPhase section */

/* Begin PBXGroup section */
		B548A4241CE8FFC40084215C = {
			isa = PBXGroup;
			children = (
				B548A42F1CE8FFC40084215C /* DevslopesFirebaseShowcase */,
				B548A42E1CE8FFC40084215C /* Products */,
			);
			sourceTree = "<group>";
		};
		B548A42E1CE8FFC40084215C /* Products */ = {
			isa = PBXGroup;
			children = (
				B548A42D1CE8FFC40084215C /* DevslopesFirebaseShowcase.app */,
			);
			name = Products;
			sourceTree = "<group>";
		};
		B548A42F1CE8FFC40084215C /* DevslopesFirebaseShowcase */ = {
			isa = PBXGroup;
			children = (
				B548A4571CE913800084215C /* Frameworks */,
				B548A4501CE906970084215C /* Util */,
				B548A4451CE903070084215C /* Resources */,
				B548A4441CE903020084215C /* Model */,
				B548A4431CE902FB0084215C /* View */,
				B548A4421CE902F10084215C /* Controller */,
				B548A4301CE8FFC40084215C /* AppDelegate.swift */,
				B548A4371CE8FFC40084215C /* Assets.xcassets */,
				B548A4391CE8FFC40084215C /* LaunchScreen.storyboard */,
				B548A43C1CE8FFC40084215C /* Info.plist */,
			);
			path = DevslopesFirebaseShowcase;
			sourceTree = "<group>";
		};
		B548A4421CE902F10084215C /* Controller */ = {
			isa = PBXGroup;
			children = (
				B548A4321CE8FFC40084215C /* ViewController.swift */,
			);
			name = Controller;
			sourceTree = "<group>";
		};
		B548A4431CE902FB0084215C /* View */ = {
			isa = PBXGroup;
			children = (
				B548A4341CE8FFC40084215C /* Main.storyboard */,
				B548A44E1CE905950084215C /* RoundedViews.swift */,
				B548A4531CE90A5E0084215C /* MaterialButton.swift */,
				B548A4551CE90F630084215C /* MaterialTextField.swift */,
			);
			name = View;
			sourceTree = "<group>";
		};
		B548A4441CE903020084215C /* Model */ = {
			isa = PBXGroup;
			children = (
			);
			name = Model;
			sourceTree = "<group>";
		};
		B548A4451CE903070084215C /* Resources */ = {
			isa = PBXGroup;
			children = (
				B548A4461CE903690084215C /* NotoSans-Bold.ttf */,
				B548A4471CE903690084215C /* NotoSans-BoldItalic.ttf */,
				B548A4481CE903690084215C /* NotoSans-Italic.ttf */,
				B548A4491CE903690084215C /* NotoSans-Regular.ttf */,
			);
			name = Resources;
			sourceTree = "<group>";
		};
		B548A4501CE906970084215C /* Util */ = {
			isa = PBXGroup;
			children = (
				B548A4511CE906A80084215C /* Constants.swift */,
			);
			name = Util;
			sourceTree = "<group>";
		};
		B548A4571CE913800084215C /* Frameworks */ = {
			isa = PBXGroup;
			children = (
				B548A4581CE913910084215C /* FBSDKCoreKit.framework */,
				B548A4591CE913910084215C /* FBSDKLoginKit.framework */,
			);
			name = Frameworks;
			sourceTree = "<group>";
		};
/* End PBXGroup section */

/* Begin PBXNativeTarget section */
		B548A42C1CE8FFC40084215C /* DevslopesFirebaseShowcase */ = {
			isa = PBXNativeTarget;
			buildConfigurationList = B548A43F1CE8FFC40084215C /* Build configuration list for PBXNativeTarget "DevslopesFirebaseShowcase" */;
			buildPhases = (
				B548A4291CE8FFC40084215C /* Sources */,
				B548A42A1CE8FFC40084215C /* Frameworks */,
				B548A42B1CE8FFC40084215C /* Resources */,
			);
			buildRules = (
			);
			dependencies = (
			);
			name = DevslopesFirebaseShowcase;
			productName = DevslopesFirebaseShowcase;
			productReference = B548A42D1CE8FFC40084215C /* DevslopesFirebaseShowcase.app */;
			productType = "com.apple.product-type.application";
		};
/* End PBXNativeTarget section */

/* Begin PBXProject section */
		B548A4251CE8FFC40084215C /* Project object */ = {
			isa = PBXProject;
			attributes = {
				LastSwiftUpdateCheck = 0730;
				LastUpgradeCheck = 0730;
				ORGANIZATIONNAME = "Sullivan Applications";
				TargetAttributes = {
					B548A42C1CE8FFC40084215C = {
						CreatedOnToolsVersion = 7.3;
					};
				};
			};
			buildConfigurationList = B548A4281CE8FFC40084215C /* Build configuration list for PBXProject "DevslopesFirebaseShowcase" */;
			compatibilityVersion = "Xcode 3.2";
			developmentRegion = English;
			hasScannedForEncodings = 0;
			knownRegions = (
				en,
				Base,
			);
			mainGroup = B548A4241CE8FFC40084215C;
			productRefGroup = B548A42E1CE8FFC40084215C /* Products */;
			projectDirPath = "";
			projectRoot = "";
			targets = (
				B548A42C1CE8FFC40084215C /* DevslopesFirebaseShowcase */,
			);
		};
/* End PBXProject section */

/* Begin PBXResourcesBuildPhase section */
		B548A42B1CE8FFC40084215C /* Resources */ = {
			isa = PBXResourcesBuildPhase;
			buildActionMask = 2147483647;
			files = (
				B548A44A1CE903690084215C /* NotoSans-Bold.ttf in Resources */,
				B548A43B1CE8FFC40084215C /* LaunchScreen.storyboard in Resources */,
				B548A44B1CE903690084215C /* NotoSans-BoldItalic.ttf in Resources */,
				B548A44C1CE903690084215C /* NotoSans-Italic.ttf in Resources */,
				B548A4381CE8FFC40084215C /* Assets.xcassets in Resources */,
				B548A4361CE8FFC40084215C /* Main.storyboard in Resources */,
				B548A44D1CE903690084215C /* NotoSans-Regular.ttf in Resources */,
			);
			runOnlyForDeploymentPostprocessing = 0;
		};
/* End PBXResourcesBuildPhase section */

/* Begin PBXSourcesBuildPhase section */
		B548A4291CE8FFC40084215C /* Sources */ = {
			isa = PBXSourcesBuildPhase;
			buildActionMask = 2147483647;
			files = (
				B548A4561CE90F630084215C /* MaterialTextField.swift in Sources */,
				B548A44F1CE905950084215C /* RoundedViews.swift in Sources */,
				B548A4331CE8FFC40084215C /* ViewController.swift in Sources */,
				B548A4311CE8FFC40084215C /* AppDelegate.swift in Sources */,
				B548A4521CE906A80084215C /* Constants.swift in Sources */,
				B548A4541CE90A5E0084215C /* MaterialButton.swift in Sources */,
			);
			runOnlyForDeploymentPostprocessing = 0;
		};
/* End PBXSourcesBuildPhase section */

/* Begin PBXVariantGroup section */
		B548A4341CE8FFC40084215C /* Main.storyboard */ = {
			isa = PBXVariantGroup;
			children = (
				B548A4351CE8FFC40084215C /* Base */,
			);
			name = Main.storyboard;
			sourceTree = "<group>";
		};
		B548A4391CE8FFC40084215C /* LaunchScreen.storyboard */ = {
			isa = PBXVariantGroup;
			children = (
				B548A43A1CE8FFC40084215C /* Base */,
			);
			name = LaunchScreen.storyboard;
			sourceTree = "<group>";
		};
/* End PBXVariantGroup section */

/* Begin XCBuildConfiguration section */
		B548A43D1CE8FFC40084215C /* Debug */ = {
			isa = XCBuildConfiguration;
			buildSettings = {
				ALWAYS_SEARCH_USER_PATHS = NO;
				CLANG_ANALYZER_NONNULL = YES;
				CLANG_CXX_LANGUAGE_STANDARD = "gnu++0x";
				CLANG_CXX_LIBRARY = "libc++";
				CLANG_ENABLE_MODULES = YES;
				CLANG_ENABLE_OBJC_ARC = YES;
				CLANG_WARN_BOOL_CONVERSION = YES;
				CLANG_WARN_CONSTANT_CONVERSION = YES;
				CLANG_WARN_DIRECT_OBJC_ISA_USAGE = YES_ERROR;
				CLANG_WARN_EMPTY_BODY = YES;
				CLANG_WARN_ENUM_CONVERSION = YES;
				CLANG_WARN_INT_CONVERSION = YES;
				CLANG_WARN_OBJC_ROOT_CLASS = YES_ERROR;
				CLANG_WARN_UNREACHABLE_CODE = YES;
				CLANG_WARN__DUPLICATE_METHOD_MATCH = YES;
				"CODE_SIGN_IDENTITY[sdk=iphoneos*]" = "iPhone Developer";
				COPY_PHASE_STRIP = NO;
				DEBUG_INFORMATION_FORMAT = dwarf;
				ENABLE_STRICT_OBJC_MSGSEND = YES;
				ENABLE_TESTABILITY = YES;
				GCC_C_LANGUAGE_STANDARD = gnu99;
				GCC_DYNAMIC_NO_PIC = NO;
				GCC_NO_COMMON_BLOCKS = YES;
				GCC_OPTIMIZATION_LEVEL = 0;
				GCC_PREPROCESSOR_DEFINITIONS = (
					"DEBUG=1",
					"$(inherited)",
				);
				GCC_WARN_64_TO_32_BIT_CONVERSION = YES;
				GCC_WARN_ABOUT_RETURN_TYPE = YES_ERROR;
				GCC_WARN_UNDECLARED_SELECTOR = YES;
				GCC_WARN_UNINITIALIZED_AUTOS = YES_AGGRESSIVE;
				GCC_WARN_UNUSED_FUNCTION = YES;
				GCC_WARN_UNUSED_VARIABLE = YES;
				IPHONEOS_DEPLOYMENT_TARGET = 9.3;
				MTL_ENABLE_DEBUG_INFO = YES;
				ONLY_ACTIVE_ARCH = YES;
				SDKROOT = iphoneos;
				SWIFT_OPTIMIZATION_LEVEL = "-Onone";
				TARGETED_DEVICE_FAMILY = "1,2";
			};
			name = Debug;
		};
		B548A43E1CE8FFC40084215C /* Release */ = {
			isa = XCBuildConfiguration;
			buildSettings = {
				ALWAYS_SEARCH_USER_PATHS = NO;
				CLANG_ANALYZER_NONNULL = YES;
				CLANG_CXX_LANGUAGE_STANDARD = "gnu++0x";
				CLANG_CXX_LIBRARY = "libc++";
				CLANG_ENABLE_MODULES = YES;
				CLANG_ENABLE_OBJC_ARC = YES;
				CLANG_WARN_BOOL_CONVERSION = YES;
				CLANG_WARN_CONSTANT_CONVERSION = YES;
				CLANG_WARN_DIRECT_OBJC_ISA_USAGE = YES_ERROR;
				CLANG_WARN_EMPTY_BODY = YES;
				CLANG_WARN_ENUM_CONVERSION = YES;
				CLANG_WARN_INT_CONVERSION = YES;
				CLANG_WARN_OBJC_ROOT_CLASS = YES_ERROR;
				CLANG_WARN_UNREACHABLE_CODE = YES;
				CLANG_WARN__DUPLICATE_METHOD_MATCH = YES;
				"CODE_SIGN_IDENTITY[sdk=iphoneos*]" = "iPhone Developer";
				COPY_PHASE_STRIP = NO;
				DEBUG_INFORMATION_FORMAT = "dwarf-with-dsym";
				ENABLE_NS_ASSERTIONS = NO;
				ENABLE_STRICT_OBJC_MSGSEND = YES;
				GCC_C_LANGUAGE_STANDARD = gnu99;
				GCC_NO_COMMON_BLOCKS = YES;
				GCC_WARN_64_TO_32_BIT_CONVERSION = YES;
				GCC_WARN_ABOUT_RETURN_TYPE = YES_ERROR;
				GCC_WARN_UNDECLARED_SELECTOR = YES;
				GCC_WARN_UNINITIALIZED_AUTOS = YES_AGGRESSIVE;
				GCC_WARN_UNUSED_FUNCTION = YES;
				GCC_WARN_UNUSED_VARIABLE = YES;
				IPHONEOS_DEPLOYMENT_TARGET = 9.3;
				MTL_ENABLE_DEBUG_INFO = NO;
				SDKROOT = iphoneos;
				TARGETED_DEVICE_FAMILY = "1,2";
				VALIDATE_PRODUCT = YES;
			};
			name = Release;
		};
		B548A4401CE8FFC40084215C /* Debug */ = {
			isa = XCBuildConfiguration;
			buildSettings = {
				ASSETCATALOG_COMPILER_APPICON_NAME = AppIcon;
				FRAMEWORK_SEARCH_PATHS = (
					"$(inherited)",
					"$(PROJECT_DIR)/DevslopesFirebaseShowcase",
				);
				INFOPLIST_FILE = DevslopesFirebaseShowcase/Info.plist;
				LD_RUNPATH_SEARCH_PATHS = "$(inherited) @executable_path/Frameworks";
				PRODUCT_BUNDLE_IDENTIFIER = com.SullivanApplications.DevslopesFirebaseShowcase;
				PRODUCT_NAME = "$(TARGET_NAME)";
			};
			name = Debug;
		};
		B548A4411CE8FFC40084215C /* Release */ = {
			isa = XCBuildConfiguration;
			buildSettings = {
				ASSETCATALOG_COMPILER_APPICON_NAME = AppIcon;
				FRAMEWORK_SEARCH_PATHS = (
					"$(inherited)",
					"$(PROJECT_DIR)/DevslopesFirebaseShowcase",
				);
				INFOPLIST_FILE = DevslopesFirebaseShowcase/Info.plist;
				LD_RUNPATH_SEARCH_PATHS = "$(inherited) @executable_path/Frameworks";
				PRODUCT_BUNDLE_IDENTIFIER = com.SullivanApplications.DevslopesFirebaseShowcase;
				PRODUCT_NAME = "$(TARGET_NAME)";
			};
			name = Release;
		};
/* End XCBuildConfiguration section */

/* Begin XCConfigurationList section */
		B548A4281CE8FFC40084215C /* Build configuration list for PBXProject "DevslopesFirebaseShowcase" */ = {
			isa = XCConfigurationList;
			buildConfigurations = (
				B548A43D1CE8FFC40084215C /* Debug */,
				B548A43E1CE8FFC40084215C /* Release */,
			);
			defaultConfigurationIsVisible = 0;
			defaultConfigurationName = Release;
		};
		B548A43F1CE8FFC40084215C /* Build configuration list for PBXNativeTarget "DevslopesFirebaseShowcase" */ = {
			isa = XCConfigurationList;
			buildConfigurations = (
				B548A4401CE8FFC40084215C /* Debug */,
				B548A4411CE8FFC40084215C /* Release */,
			);
			defaultConfigurationIsVisible = 0;
		};
/* End XCConfigurationList section */
	};
	rootObject = B548A4251CE8FFC40084215C /* Project object */;
}
