// !$*UTF8*$!
{
	archiveVersion = 1;
	classes = {
	};
	objectVersion = 46;
	objects = {

/* Begin PBXBuildFile section */
		6CEC7B60788B82C182261ECD /* Pods_Wildlife.framework in Frameworks */ = {isa = PBXBuildFile; fileRef = 09C30123EA9644A4B56C8EBD /* Pods_Wildlife.framework */; };
		B501DBBB1D0305CE001320C7 /* AppState.swift in Sources */ = {isa = PBXBuildFile; fileRef = B501DBBA1D0305CE001320C7 /* AppState.swift */; };
		B501DBBD1D0305E9001320C7 /* Cache.swift in Sources */ = {isa = PBXBuildFile; fileRef = B501DBBC1D0305E9001320C7 /* Cache.swift */; };
		B5068C3D1CEF18F400AA8C86 /* PagingVC.swift in Sources */ = {isa = PBXBuildFile; fileRef = B5068C3C1CEF18F400AA8C86 /* PagingVC.swift */; };
		B516F19C1D27CEC00022707C /* CommentsVC.swift in Sources */ = {isa = PBXBuildFile; fileRef = B516F19B1D27CEC00022707C /* CommentsVC.swift */; };
		B51CBCD41CF45DB000112B51 /* Feed.storyboard in Resources */ = {isa = PBXBuildFile; fileRef = B51CBCD21CF45DB000112B51 /* Feed.storyboard */; };
		B51CBCF91CF4DA4900112B51 /* FDWaveformView.framework in Frameworks */ = {isa = PBXBuildFile; fileRef = B51CBCF81CF4DA4800112B51 /* FDWaveformView.framework */; };
		B51CBCFC1CF4EBBE00112B51 /* Login.storyboard in Resources */ = {isa = PBXBuildFile; fileRef = B51CBCFA1CF4EBBE00112B51 /* Login.storyboard */; };
		B52DBDF11CFDA24F00CB7486 /* AudioControls.swift in Sources */ = {isa = PBXBuildFile; fileRef = B52DBDF01CFDA24F00CB7486 /* AudioControls.swift */; };
		B52F44E71D2BE97100FC93EB /* Comments.storyboard in Resources */ = {isa = PBXBuildFile; fileRef = B52F44E51D2BE97100FC93EB /* Comments.storyboard */; };
		B548A4311CE8FFC40084215C /* AppDelegate.swift in Sources */ = {isa = PBXBuildFile; fileRef = B548A4301CE8FFC40084215C /* AppDelegate.swift */; };
		B548A4331CE8FFC40084215C /* LoginVC.swift in Sources */ = {isa = PBXBuildFile; fileRef = B548A4321CE8FFC40084215C /* LoginVC.swift */; };
		B548A4361CE8FFC40084215C /* Main.storyboard in Resources */ = {isa = PBXBuildFile; fileRef = B548A4341CE8FFC40084215C /* Main.storyboard */; };
		B548A4381CE8FFC40084215C /* Assets.xcassets in Resources */ = {isa = PBXBuildFile; fileRef = B548A4371CE8FFC40084215C /* Assets.xcassets */; };
		B548A43B1CE8FFC40084215C /* LaunchScreen.storyboard in Resources */ = {isa = PBXBuildFile; fileRef = B548A4391CE8FFC40084215C /* LaunchScreen.storyboard */; };
		B548A44A1CE903690084215C /* NotoSans-Bold.ttf in Resources */ = {isa = PBXBuildFile; fileRef = B548A4461CE903690084215C /* NotoSans-Bold.ttf */; };
		B548A44B1CE903690084215C /* NotoSans-BoldItalic.ttf in Resources */ = {isa = PBXBuildFile; fileRef = B548A4471CE903690084215C /* NotoSans-BoldItalic.ttf */; };
		B548A44C1CE903690084215C /* NotoSans-Italic.ttf in Resources */ = {isa = PBXBuildFile; fileRef = B548A4481CE903690084215C /* NotoSans-Italic.ttf */; };
		B548A44D1CE903690084215C /* NotoSans-Regular.ttf in Resources */ = {isa = PBXBuildFile; fileRef = B548A4491CE903690084215C /* NotoSans-Regular.ttf */; };
		B548A44F1CE905950084215C /* RoundedViews.swift in Sources */ = {isa = PBXBuildFile; fileRef = B548A44E1CE905950084215C /* RoundedViews.swift */; };
		B548A4521CE906A80084215C /* Constants.swift in Sources */ = {isa = PBXBuildFile; fileRef = B548A4511CE906A80084215C /* Constants.swift */; };
		B548A4541CE90A5E0084215C /* MaterialButton.swift in Sources */ = {isa = PBXBuildFile; fileRef = B548A4531CE90A5E0084215C /* MaterialButton.swift */; };
		B548A4561CE90F630084215C /* MaterialTextField.swift in Sources */ = {isa = PBXBuildFile; fileRef = B548A4551CE90F630084215C /* MaterialTextField.swift */; };
		B548A45B1CE913910084215C /* FBSDKLoginKit.framework in Frameworks */ = {isa = PBXBuildFile; fileRef = B548A4591CE913910084215C /* FBSDKLoginKit.framework */; };
		B55808371CF713CE00FEC41D /* SplashVC.swift in Sources */ = {isa = PBXBuildFile; fileRef = B55808361CF713CE00FEC41D /* SplashVC.swift */; };
		B55E6DBC1D192E7600A128E7 /* CreatePostVC.swift in Sources */ = {isa = PBXBuildFile; fileRef = B55E6DBB1D192E7600A128E7 /* CreatePostVC.swift */; };
		B56697221D352B4E00CB8236 /* AnsweredCell.swift in Sources */ = {isa = PBXBuildFile; fileRef = B56697211D352B4E00CB8236 /* AnsweredCell.swift */; };
		B56697241D352B8B00CB8236 /* AnsweredVC.swift in Sources */ = {isa = PBXBuildFile; fileRef = B56697231D352B8B00CB8236 /* AnsweredVC.swift */; };
		B56697271D354A3D00CB8236 /* MyPosts.storyboard in Resources */ = {isa = PBXBuildFile; fileRef = B56697251D354A3D00CB8236 /* MyPosts.storyboard */; };
		B56697291D354B5E00CB8236 /* MyPostsCell.swift in Sources */ = {isa = PBXBuildFile; fileRef = B56697281D354B5E00CB8236 /* MyPostsCell.swift */; };
		B566CB411CE920A500415A3E /* DataService.swift in Sources */ = {isa = PBXBuildFile; fileRef = B566CB401CE920A500415A3E /* DataService.swift */; };
		B566CB431CE9C6A500415A3E /* FeedVC.swift in Sources */ = {isa = PBXBuildFile; fileRef = B566CB421CE9C6A500415A3E /* FeedVC.swift */; };
		B566CB451CE9C72500415A3E /* PostCell.swift in Sources */ = {isa = PBXBuildFile; fileRef = B566CB441CE9C72500415A3E /* PostCell.swift */; };
		B566CB471CE9E15500415A3E /* Post.swift in Sources */ = {isa = PBXBuildFile; fileRef = B566CB461CE9E15500415A3E /* Post.swift */; };
		B5777B821D01CE1B0062683C /* MyPostsVC.swift in Sources */ = {isa = PBXBuildFile; fileRef = B5777B811D01CE1B0062683C /* MyPostsVC.swift */; };
		B5D14B9C1D2920F500D0FF3E /* CommentCell.swift in Sources */ = {isa = PBXBuildFile; fileRef = B5D14B9B1D2920F500D0FF3E /* CommentCell.swift */; };
		B5D14B9E1D2927FD00D0FF3E /* CommentImageCell.swift in Sources */ = {isa = PBXBuildFile; fileRef = B5D14B9D1D2927FD00D0FF3E /* CommentImageCell.swift */; };
		B5D14BA61D2AC2F200D0FF3E /* GoogleService-Info.plist in Resources */ = {isa = PBXBuildFile; fileRef = B5D14BA51D2AC2F200D0FF3E /* GoogleService-Info.plist */; };
		B5D3F9971CEB41BD00EEB78F /* FIGHTT3_.ttf in Resources */ = {isa = PBXBuildFile; fileRef = B5D3F9961CEB41BD00EEB78F /* FIGHTT3_.ttf */; };
		B5D3F9991CEB498500EEB78F /* extensions.swift in Sources */ = {isa = PBXBuildFile; fileRef = B5D3F9981CEB498500EEB78F /* extensions.swift */; };
		B5D3F99B1CEB4A9F00EEB78F /* ProfileVC.swift in Sources */ = {isa = PBXBuildFile; fileRef = B5D3F99A1CEB4A9F00EEB78F /* ProfileVC.swift */; };
		B5D6A9801D358A56006B7207 /* CreatePost.swift in Sources */ = {isa = PBXBuildFile; fileRef = B5D6A97F1D358A56006B7207 /* CreatePost.swift */; };
		B5D85BF51CFA12B800E62148 /* WaveformView.swift in Sources */ = {isa = PBXBuildFile; fileRef = B5D85BF41CFA12B800E62148 /* WaveformView.swift */; };
		B5D85BF81CFA134C00E62148 /* ProfileTableVC.swift in Sources */ = {isa = PBXBuildFile; fileRef = B5D85BF71CFA134C00E62148 /* ProfileTableVC.swift */; };
		B5DE8A011D2E812B00F9C364 /* ShowcaseImage.swift in Sources */ = {isa = PBXBuildFile; fileRef = B5DE8A001D2E812B00F9C364 /* ShowcaseImage.swift */; };
		B5DE8A091D2EA42D00F9C364 /* WilburUITests.swift in Sources */ = {isa = PBXBuildFile; fileRef = B5DE8A081D2EA42D00F9C364 /* WilburUITests.swift */; };
		B5E484F01D02F83C0099A060 /* HelperFunctions.swift in Sources */ = {isa = PBXBuildFile; fileRef = B5E484EF1D02F83C0099A060 /* HelperFunctions.swift */; };
		B5E553121D144EE100982E60 /* PageContainer.swift in Sources */ = {isa = PBXBuildFile; fileRef = B5E553111D144EE100982E60 /* PageContainer.swift */; };
		B5FD20A81D3E2C8B0095D583 /* ImageTableCell.swift in Sources */ = {isa = PBXBuildFile; fileRef = B5FD20A71D3E2C8B0095D583 /* ImageTableCell.swift */; };
		B5FD20AA1D3E2CE10095D583 /* Protocols.swift in Sources */ = {isa = PBXBuildFile; fileRef = B5FD20A91D3E2CE10095D583 /* Protocols.swift */; };
		B5FD20AC1D3E31E70095D583 /* PostService.swift in Sources */ = {isa = PBXBuildFile; fileRef = B5FD20AB1D3E31E70095D583 /* PostService.swift */; };
/* End PBXBuildFile section */

/* Begin PBXContainerItemProxy section */
		B5DE8A0B1D2EA42D00F9C364 /* PBXContainerItemProxy */ = {
			isa = PBXContainerItemProxy;
			containerPortal = B548A4251CE8FFC40084215C /* Project object */;
			proxyType = 1;
			remoteGlobalIDString = B548A42C1CE8FFC40084215C;
			remoteInfo = Wildlife;
		};
/* End PBXContainerItemProxy section */

/* Begin PBXFileReference section */
		09C30123EA9644A4B56C8EBD /* Pods_Wildlife.framework */ = {isa = PBXFileReference; explicitFileType = wrapper.framework; includeInIndex = 0; path = Pods_Wildlife.framework; sourceTree = BUILT_PRODUCTS_DIR; };
		26AAC8E599183F4EF442741D /* Pods-Wildlife.release.xcconfig */ = {isa = PBXFileReference; includeInIndex = 1; lastKnownFileType = text.xcconfig; name = "Pods-Wildlife.release.xcconfig"; path = "Pods/Target Support Files/Pods-Wildlife/Pods-Wildlife.release.xcconfig"; sourceTree = "<group>"; };
		9025CDEE26ACA91AABC390FC /* Pods-Wildlife.debug.xcconfig */ = {isa = PBXFileReference; includeInIndex = 1; lastKnownFileType = text.xcconfig; name = "Pods-Wildlife.debug.xcconfig"; path = "Pods/Target Support Files/Pods-Wildlife/Pods-Wildlife.debug.xcconfig"; sourceTree = "<group>"; };
		B501DBBA1D0305CE001320C7 /* AppState.swift */ = {isa = PBXFileReference; fileEncoding = 4; lastKnownFileType = sourcecode.swift; path = AppState.swift; sourceTree = "<group>"; };
		B501DBBC1D0305E9001320C7 /* Cache.swift */ = {isa = PBXFileReference; fileEncoding = 4; lastKnownFileType = sourcecode.swift; path = Cache.swift; sourceTree = "<group>"; };
		B5068C3C1CEF18F400AA8C86 /* PagingVC.swift */ = {isa = PBXFileReference; fileEncoding = 4; lastKnownFileType = sourcecode.swift; path = PagingVC.swift; sourceTree = "<group>"; };
		B516F19B1D27CEC00022707C /* CommentsVC.swift */ = {isa = PBXFileReference; fileEncoding = 4; lastKnownFileType = sourcecode.swift; path = CommentsVC.swift; sourceTree = "<group>"; };
		B51CBCD31CF45DB000112B51 /* Base */ = {isa = PBXFileReference; lastKnownFileType = file.storyboard; name = Base; path = Base.lproj/Feed.storyboard; sourceTree = "<group>"; };
		B51CBCF81CF4DA4800112B51 /* FDWaveformView.framework */ = {isa = PBXFileReference; lastKnownFileType = wrapper.framework; name = FDWaveformView.framework; path = "../../../../Library/Developer/Xcode/DerivedData/DevslopesFirebaseShowcase-aebdmajtydenumdhaiuprfwxpxmv/Build/Products/Debug-iphonesimulator/FDWaveformView/FDWaveformView.framework"; sourceTree = "<group>"; };
		B51CBCFB1CF4EBBE00112B51 /* Base */ = {isa = PBXFileReference; lastKnownFileType = file.storyboard; name = Base; path = Base.lproj/Login.storyboard; sourceTree = "<group>"; };
		B52DBDF01CFDA24F00CB7486 /* AudioControls.swift */ = {isa = PBXFileReference; fileEncoding = 4; lastKnownFileType = sourcecode.swift; path = AudioControls.swift; sourceTree = "<group>"; };
		B52F44E61D2BE97100FC93EB /* Base */ = {isa = PBXFileReference; lastKnownFileType = file.storyboard; name = Base; path = Base.lproj/Comments.storyboard; sourceTree = "<group>"; };
		B548A42D1CE8FFC40084215C /* Wilbur.app */ = {isa = PBXFileReference; explicitFileType = wrapper.application; includeInIndex = 0; path = Wilbur.app; sourceTree = BUILT_PRODUCTS_DIR; };
		B548A4301CE8FFC40084215C /* AppDelegate.swift */ = {isa = PBXFileReference; lastKnownFileType = sourcecode.swift; path = AppDelegate.swift; sourceTree = "<group>"; };
		B548A4321CE8FFC40084215C /* LoginVC.swift */ = {isa = PBXFileReference; lastKnownFileType = sourcecode.swift; path = LoginVC.swift; sourceTree = "<group>"; };
		B548A4351CE8FFC40084215C /* Base */ = {isa = PBXFileReference; lastKnownFileType = file.storyboard; name = Base; path = Base.lproj/Main.storyboard; sourceTree = "<group>"; };
		B548A4371CE8FFC40084215C /* Assets.xcassets */ = {isa = PBXFileReference; lastKnownFileType = folder.assetcatalog; path = Assets.xcassets; sourceTree = "<group>"; };
		B548A43A1CE8FFC40084215C /* Base */ = {isa = PBXFileReference; lastKnownFileType = file.storyboard; name = Base; path = Base.lproj/LaunchScreen.storyboard; sourceTree = "<group>"; };
		B548A43C1CE8FFC40084215C /* Info.plist */ = {isa = PBXFileReference; lastKnownFileType = text.plist.xml; path = Info.plist; sourceTree = "<group>"; };
		B548A4461CE903690084215C /* NotoSans-Bold.ttf */ = {isa = PBXFileReference; lastKnownFileType = file; path = "NotoSans-Bold.ttf"; sourceTree = "<group>"; };
		B548A4471CE903690084215C /* NotoSans-BoldItalic.ttf */ = {isa = PBXFileReference; lastKnownFileType = file; path = "NotoSans-BoldItalic.ttf"; sourceTree = "<group>"; };
		B548A4481CE903690084215C /* NotoSans-Italic.ttf */ = {isa = PBXFileReference; lastKnownFileType = file; path = "NotoSans-Italic.ttf"; sourceTree = "<group>"; };
		B548A4491CE903690084215C /* NotoSans-Regular.ttf */ = {isa = PBXFileReference; lastKnownFileType = file; path = "NotoSans-Regular.ttf"; sourceTree = "<group>"; };
		B548A44E1CE905950084215C /* RoundedViews.swift */ = {isa = PBXFileReference; fileEncoding = 4; lastKnownFileType = sourcecode.swift; path = RoundedViews.swift; sourceTree = "<group>"; };
		B548A4511CE906A80084215C /* Constants.swift */ = {isa = PBXFileReference; fileEncoding = 4; lastKnownFileType = sourcecode.swift; path = Constants.swift; sourceTree = "<group>"; };
		B548A4531CE90A5E0084215C /* MaterialButton.swift */ = {isa = PBXFileReference; fileEncoding = 4; lastKnownFileType = sourcecode.swift; path = MaterialButton.swift; sourceTree = "<group>"; };
		B548A4551CE90F630084215C /* MaterialTextField.swift */ = {isa = PBXFileReference; fileEncoding = 4; lastKnownFileType = sourcecode.swift; path = MaterialTextField.swift; sourceTree = "<group>"; };
		B548A4581CE913910084215C /* FBSDKCoreKit.framework */ = {isa = PBXFileReference; lastKnownFileType = wrapper.framework; path = FBSDKCoreKit.framework; sourceTree = "<group>"; };
		B548A4591CE913910084215C /* FBSDKLoginKit.framework */ = {isa = PBXFileReference; lastKnownFileType = wrapper.framework; path = FBSDKLoginKit.framework; sourceTree = "<group>"; };
		B55808361CF713CE00FEC41D /* SplashVC.swift */ = {isa = PBXFileReference; fileEncoding = 4; lastKnownFileType = sourcecode.swift; name = SplashVC.swift; path = DevslopesFirebaseShowcase/SplashVC.swift; sourceTree = "<group>"; };
		B55E6DBB1D192E7600A128E7 /* CreatePostVC.swift */ = {isa = PBXFileReference; fileEncoding = 4; lastKnownFileType = sourcecode.swift; path = CreatePostVC.swift; sourceTree = "<group>"; };
		B56697211D352B4E00CB8236 /* AnsweredCell.swift */ = {isa = PBXFileReference; fileEncoding = 4; lastKnownFileType = sourcecode.swift; path = AnsweredCell.swift; sourceTree = "<group>"; };
		B56697231D352B8B00CB8236 /* AnsweredVC.swift */ = {isa = PBXFileReference; fileEncoding = 4; lastKnownFileType = sourcecode.swift; path = AnsweredVC.swift; sourceTree = "<group>"; };
		B56697261D354A3D00CB8236 /* Base */ = {isa = PBXFileReference; lastKnownFileType = file.storyboard; name = Base; path = Base.lproj/MyPosts.storyboard; sourceTree = "<group>"; };
		B56697281D354B5E00CB8236 /* MyPostsCell.swift */ = {isa = PBXFileReference; fileEncoding = 4; lastKnownFileType = sourcecode.swift; path = MyPostsCell.swift; sourceTree = "<group>"; };
		B566CB401CE920A500415A3E /* DataService.swift */ = {isa = PBXFileReference; fileEncoding = 4; lastKnownFileType = sourcecode.swift; path = DataService.swift; sourceTree = "<group>"; };
		B566CB421CE9C6A500415A3E /* FeedVC.swift */ = {isa = PBXFileReference; fileEncoding = 4; lastKnownFileType = sourcecode.swift; path = FeedVC.swift; sourceTree = "<group>"; };
		B566CB441CE9C72500415A3E /* PostCell.swift */ = {isa = PBXFileReference; fileEncoding = 4; lastKnownFileType = sourcecode.swift; path = PostCell.swift; sourceTree = "<group>"; };
		B566CB461CE9E15500415A3E /* Post.swift */ = {isa = PBXFileReference; fileEncoding = 4; lastKnownFileType = sourcecode.swift; path = Post.swift; sourceTree = "<group>"; };
		B5777B811D01CE1B0062683C /* MyPostsVC.swift */ = {isa = PBXFileReference; fileEncoding = 4; lastKnownFileType = sourcecode.swift; path = MyPostsVC.swift; sourceTree = "<group>"; };
		B5AC3DC41D2AD7FC00D3358C /* Bolts.framework */ = {isa = PBXFileReference; lastKnownFileType = wrapper.framework; name = Bolts.framework; path = "../../../../Library/Developer/Xcode/DerivedData/Wildlife-byuntkcfyecotgcaiqpiszrjydtt/Build/Products/Debug-iphonesimulator/Bolts/Bolts.framework"; sourceTree = "<group>"; };
		B5AC3DC61D2AD80300D3358C /* FBSDKCoreKit.framework */ = {isa = PBXFileReference; lastKnownFileType = wrapper.framework; name = FBSDKCoreKit.framework; path = "../../../../Library/Developer/Xcode/DerivedData/Wildlife-byuntkcfyecotgcaiqpiszrjydtt/Build/Products/Debug-iphonesimulator/FBSDKCoreKit/FBSDKCoreKit.framework"; sourceTree = "<group>"; };
		B5D14B9B1D2920F500D0FF3E /* CommentCell.swift */ = {isa = PBXFileReference; fileEncoding = 4; lastKnownFileType = sourcecode.swift; path = CommentCell.swift; sourceTree = "<group>"; };
		B5D14B9D1D2927FD00D0FF3E /* CommentImageCell.swift */ = {isa = PBXFileReference; fileEncoding = 4; lastKnownFileType = sourcecode.swift; path = CommentImageCell.swift; sourceTree = "<group>"; };
		B5D14BA51D2AC2F200D0FF3E /* GoogleService-Info.plist */ = {isa = PBXFileReference; fileEncoding = 4; lastKnownFileType = text.plist.xml; path = "GoogleService-Info.plist"; sourceTree = "<group>"; };
		B5D3F9961CEB41BD00EEB78F /* FIGHTT3_.ttf */ = {isa = PBXFileReference; lastKnownFileType = file; path = FIGHTT3_.ttf; sourceTree = "<group>"; };
		B5D3F9981CEB498500EEB78F /* extensions.swift */ = {isa = PBXFileReference; fileEncoding = 4; lastKnownFileType = sourcecode.swift; path = extensions.swift; sourceTree = "<group>"; };
		B5D3F99A1CEB4A9F00EEB78F /* ProfileVC.swift */ = {isa = PBXFileReference; fileEncoding = 4; lastKnownFileType = sourcecode.swift; path = ProfileVC.swift; sourceTree = "<group>"; };
		B5D6A97F1D358A56006B7207 /* CreatePost.swift */ = {isa = PBXFileReference; fileEncoding = 4; lastKnownFileType = sourcecode.swift; path = CreatePost.swift; sourceTree = "<group>"; };
		B5D6A9811D36483A006B7207 /* Wildlife-Bridging-Header.h */ = {isa = PBXFileReference; lastKnownFileType = sourcecode.c.h; path = "Wildlife-Bridging-Header.h"; sourceTree = "<group>"; };
		B5D85BF41CFA12B800E62148 /* WaveformView.swift */ = {isa = PBXFileReference; fileEncoding = 4; lastKnownFileType = sourcecode.swift; path = WaveformView.swift; sourceTree = "<group>"; };
		B5D85BF71CFA134C00E62148 /* ProfileTableVC.swift */ = {isa = PBXFileReference; fileEncoding = 4; lastKnownFileType = sourcecode.swift; path = ProfileTableVC.swift; sourceTree = "<group>"; };
		B5DE8A001D2E812B00F9C364 /* ShowcaseImage.swift */ = {isa = PBXFileReference; fileEncoding = 4; lastKnownFileType = sourcecode.swift; path = ShowcaseImage.swift; sourceTree = "<group>"; };
		B5DE8A061D2EA42C00F9C364 /* WilburUITests.xctest */ = {isa = PBXFileReference; explicitFileType = wrapper.cfbundle; includeInIndex = 0; path = WilburUITests.xctest; sourceTree = BUILT_PRODUCTS_DIR; };
		B5DE8A081D2EA42D00F9C364 /* WilburUITests.swift */ = {isa = PBXFileReference; lastKnownFileType = sourcecode.swift; path = WilburUITests.swift; sourceTree = "<group>"; };
		B5DE8A0A1D2EA42D00F9C364 /* Info.plist */ = {isa = PBXFileReference; lastKnownFileType = text.plist.xml; path = Info.plist; sourceTree = "<group>"; };
		B5E484EF1D02F83C0099A060 /* HelperFunctions.swift */ = {isa = PBXFileReference; fileEncoding = 4; lastKnownFileType = sourcecode.swift; path = HelperFunctions.swift; sourceTree = "<group>"; };
		B5E553111D144EE100982E60 /* PageContainer.swift */ = {isa = PBXFileReference; fileEncoding = 4; lastKnownFileType = sourcecode.swift; path = PageContainer.swift; sourceTree = "<group>"; };
		B5FD20A71D3E2C8B0095D583 /* ImageTableCell.swift */ = {isa = PBXFileReference; fileEncoding = 4; lastKnownFileType = sourcecode.swift; path = ImageTableCell.swift; sourceTree = "<group>"; };
		B5FD20A91D3E2CE10095D583 /* Protocols.swift */ = {isa = PBXFileReference; fileEncoding = 4; lastKnownFileType = sourcecode.swift; path = Protocols.swift; sourceTree = "<group>"; };
		B5FD20AB1D3E31E70095D583 /* PostService.swift */ = {isa = PBXFileReference; fileEncoding = 4; lastKnownFileType = sourcecode.swift; path = PostService.swift; sourceTree = "<group>"; };
/* End PBXFileReference section */

/* Begin PBXFrameworksBuildPhase section */
		B548A42A1CE8FFC40084215C /* Frameworks */ = {
			isa = PBXFrameworksBuildPhase;
			buildActionMask = 2147483647;
			files = (
				B51CBCF91CF4DA4900112B51 /* FDWaveformView.framework in Frameworks */,
				B548A45B1CE913910084215C /* FBSDKLoginKit.framework in Frameworks */,
				6CEC7B60788B82C182261ECD /* Pods_Wildlife.framework in Frameworks */,
			);
			runOnlyForDeploymentPostprocessing = 0;
		};
		B5DE8A031D2EA42C00F9C364 /* Frameworks */ = {
			isa = PBXFrameworksBuildPhase;
			buildActionMask = 2147483647;
			files = (
			);
			runOnlyForDeploymentPostprocessing = 0;
		};
/* End PBXFrameworksBuildPhase section */

/* Begin PBXGroup section */
		06BB2FE03B25609296D5A959 /* Frameworks */ = {
			isa = PBXGroup;
			children = (
				B5AC3DC61D2AD80300D3358C /* FBSDKCoreKit.framework */,
				B5AC3DC41D2AD7FC00D3358C /* Bolts.framework */,
				B51CBCF81CF4DA4800112B51 /* FDWaveformView.framework */,
				09C30123EA9644A4B56C8EBD /* Pods_Wildlife.framework */,
			);
			name = Frameworks;
			sourceTree = "<group>";
		};
		68BCF2413C14038E50061776 /* Pods */ = {
			isa = PBXGroup;
			children = (
				9025CDEE26ACA91AABC390FC /* Pods-Wildlife.debug.xcconfig */,
				26AAC8E599183F4EF442741D /* Pods-Wildlife.release.xcconfig */,
				B5D6A9811D36483A006B7207 /* Wildlife-Bridging-Header.h */,
			);
			name = Pods;
			sourceTree = "<group>";
		};
		B54581CE1D2C624E00976EBC /* Backup */ = {
			isa = PBXGroup;
			children = (
				B55808361CF713CE00FEC41D /* SplashVC.swift */,
			);
			name = Backup;
			sourceTree = "<group>";
		};
		B54581CF1D2C62E600976EBC /* Page Controller */ = {
			isa = PBXGroup;
			children = (
				B5068C3C1CEF18F400AA8C86 /* PagingVC.swift */,
				B5E553111D144EE100982E60 /* PageContainer.swift */,
				B54581D01D2C62F500976EBC /* Pages */,
			);
			name = "Page Controller";
			sourceTree = "<group>";
		};
		B54581D01D2C62F500976EBC /* Pages */ = {
			isa = PBXGroup;
			children = (
				B55E6DBB1D192E7600A128E7 /* CreatePostVC.swift */,
				B566CB421CE9C6A500415A3E /* FeedVC.swift */,
				B56697231D352B8B00CB8236 /* AnsweredVC.swift */,
			);
			name = Pages;
			sourceTree = "<group>";
		};
		B54581D11D2C63D000976EBC /* ProfileVCs */ = {
			isa = PBXGroup;
			children = (
				B5D3F99A1CEB4A9F00EEB78F /* ProfileVC.swift */,
				B5D85BF71CFA134C00E62148 /* ProfileTableVC.swift */,
				B5777B811D01CE1B0062683C /* MyPostsVC.swift */,
			);
			name = ProfileVCs;
			sourceTree = "<group>";
		};
		B548A4241CE8FFC40084215C = {
			isa = PBXGroup;
			children = (
				B548A42F1CE8FFC40084215C /* Wildlife */,
				B5DE8A071D2EA42D00F9C364 /* WilburUITests */,
				B548A42E1CE8FFC40084215C /* Products */,
				B54581CE1D2C624E00976EBC /* Backup */,
				06BB2FE03B25609296D5A959 /* Frameworks */,
				68BCF2413C14038E50061776 /* Pods */,
			);
			sourceTree = "<group>";
		};
		B548A42E1CE8FFC40084215C /* Products */ = {
			isa = PBXGroup;
			children = (
				B548A42D1CE8FFC40084215C /* Wilbur.app */,
				B5DE8A061D2EA42C00F9C364 /* WilburUITests.xctest */,
			);
			name = Products;
			sourceTree = "<group>";
		};
		B548A42F1CE8FFC40084215C /* Wildlife */ = {
			isa = PBXGroup;
			children = (
				B566CB3F1CE9209100415A3E /* Services */,
				B548A4571CE913800084215C /* Frameworks */,
				B548A4501CE906970084215C /* Util */,
				B548A4451CE903070084215C /* Resources */,
				B548A4441CE903020084215C /* Model */,
				B548A4431CE902FB0084215C /* View */,
				B548A4421CE902F10084215C /* Controller */,
				B548A4301CE8FFC40084215C /* AppDelegate.swift */,
				B548A4371CE8FFC40084215C /* Assets.xcassets */,
				B548A43C1CE8FFC40084215C /* Info.plist */,
				B5D14BA51D2AC2F200D0FF3E /* GoogleService-Info.plist */,
			);
			name = Wildlife;
			path = DevslopesFirebaseShowcase;
			sourceTree = "<group>";
		};
		B548A4421CE902F10084215C /* Controller */ = {
			isa = PBXGroup;
			children = (
				B548A4321CE8FFC40084215C /* LoginVC.swift */,
				B54581CF1D2C62E600976EBC /* Page Controller */,
				B516F19B1D27CEC00022707C /* CommentsVC.swift */,
				B54581D11D2C63D000976EBC /* ProfileVCs */,
			);
			name = Controller;
			sourceTree = "<group>";
		};
		B548A4431CE902FB0084215C /* View */ = {
			isa = PBXGroup;
			children = (
				B5D85BF61CFA130600E62148 /* Custom controls */,
				B5C62FBB1CF641C800E73BFF /* Cells */,
				B5DE8A101D34015C00F9C364 /* Storyboards */,
			);
			name = View;
			sourceTree = "<group>";
		};
		B548A4441CE903020084215C /* Model */ = {
			isa = PBXGroup;
			children = (
				B566CB461CE9E15500415A3E /* Post.swift */,
				B52DBDF01CFDA24F00CB7486 /* AudioControls.swift */,
				B5E484EF1D02F83C0099A060 /* HelperFunctions.swift */,
				B501DBBA1D0305CE001320C7 /* AppState.swift */,
				B501DBBC1D0305E9001320C7 /* Cache.swift */,
				B5D6A97F1D358A56006B7207 /* CreatePost.swift */,
				B5FD20A91D3E2CE10095D583 /* Protocols.swift */,
			);
			name = Model;
			sourceTree = "<group>";
		};
		B548A4451CE903070084215C /* Resources */ = {
			isa = PBXGroup;
			children = (
				B5D3F9961CEB41BD00EEB78F /* FIGHTT3_.ttf */,
				B548A4461CE903690084215C /* NotoSans-Bold.ttf */,
				B548A4471CE903690084215C /* NotoSans-BoldItalic.ttf */,
				B548A4481CE903690084215C /* NotoSans-Italic.ttf */,
				B548A4491CE903690084215C /* NotoSans-Regular.ttf */,
			);
			name = Resources;
			sourceTree = "<group>";
		};
		B548A4501CE906970084215C /* Util */ = {
			isa = PBXGroup;
			children = (
				B548A4511CE906A80084215C /* Constants.swift */,
				B5D3F9981CEB498500EEB78F /* extensions.swift */,
			);
			name = Util;
			sourceTree = "<group>";
		};
		B548A4571CE913800084215C /* Frameworks */ = {
			isa = PBXGroup;
			children = (
				B548A4581CE913910084215C /* FBSDKCoreKit.framework */,
				B548A4591CE913910084215C /* FBSDKLoginKit.framework */,
			);
			name = Frameworks;
			sourceTree = "<group>";
		};
		B566CB3F1CE9209100415A3E /* Services */ = {
			isa = PBXGroup;
			children = (
				B566CB401CE920A500415A3E /* DataService.swift */,
				B5FD20AB1D3E31E70095D583 /* PostService.swift */,
			);
			name = Services;
			sourceTree = "<group>";
		};
		B5C62FBB1CF641C800E73BFF /* Cells */ = {
			isa = PBXGroup;
			children = (
				B566CB441CE9C72500415A3E /* PostCell.swift */,
				B5D14B9B1D2920F500D0FF3E /* CommentCell.swift */,
				B5D14B9D1D2927FD00D0FF3E /* CommentImageCell.swift */,
				B56697211D352B4E00CB8236 /* AnsweredCell.swift */,
				B56697281D354B5E00CB8236 /* MyPostsCell.swift */,
				B5FD20A71D3E2C8B0095D583 /* ImageTableCell.swift */,
			);
			name = Cells;
			sourceTree = "<group>";
		};
		B5D85BF61CFA130600E62148 /* Custom controls */ = {
			isa = PBXGroup;
			children = (
				B548A44E1CE905950084215C /* RoundedViews.swift */,
				B548A4531CE90A5E0084215C /* MaterialButton.swift */,
				B548A4551CE90F630084215C /* MaterialTextField.swift */,
				B5D85BF41CFA12B800E62148 /* WaveformView.swift */,
				B5DE8A001D2E812B00F9C364 /* ShowcaseImage.swift */,
			);
			name = "Custom controls";
			sourceTree = "<group>";
		};
		B5DE8A071D2EA42D00F9C364 /* WilburUITests */ = {
			isa = PBXGroup;
			children = (
				B5DE8A081D2EA42D00F9C364 /* WilburUITests.swift */,
				B5DE8A0A1D2EA42D00F9C364 /* Info.plist */,
			);
			path = WilburUITests;
			sourceTree = "<group>";
		};
		B5DE8A101D34015C00F9C364 /* Storyboards */ = {
			isa = PBXGroup;
			children = (
				B548A4341CE8FFC40084215C /* Main.storyboard */,
				B56697251D354A3D00CB8236 /* MyPosts.storyboard */,
				B52F44E51D2BE97100FC93EB /* Comments.storyboard */,
				B51CBCD21CF45DB000112B51 /* Feed.storyboard */,
				B51CBCFA1CF4EBBE00112B51 /* Login.storyboard */,
				B548A4391CE8FFC40084215C /* LaunchScreen.storyboard */,
			);
			name = Storyboards;
			sourceTree = "<group>";
		};
/* End PBXGroup section */

/* Begin PBXNativeTarget section */
		B548A42C1CE8FFC40084215C /* Wildlife */ = {
			isa = PBXNativeTarget;
			buildConfigurationList = B548A43F1CE8FFC40084215C /* Build configuration list for PBXNativeTarget "Wildlife" */;
			buildPhases = (
				DD06AEE87F4A33C6DDF85556 /* 📦 Check Pods Manifest.lock */,
				B548A4291CE8FFC40084215C /* Sources */,
				B548A42A1CE8FFC40084215C /* Frameworks */,
				B548A42B1CE8FFC40084215C /* Resources */,
				14551F08D15EE881BFBAB953 /* 📦 Embed Pods Frameworks */,
				329E7D30B83D860CA1F80830 /* 📦 Copy Pods Resources */,
			);
			buildRules = (
			);
			dependencies = (
			);
			name = Wildlife;
			productName = DevslopesFirebaseShowcase;
			productReference = B548A42D1CE8FFC40084215C /* Wilbur.app */;
			productType = "com.apple.product-type.application";
		};
		B5DE8A051D2EA42C00F9C364 /* WilburUITests */ = {
			isa = PBXNativeTarget;
			buildConfigurationList = B5DE8A0D1D2EA42D00F9C364 /* Build configuration list for PBXNativeTarget "WilburUITests" */;
			buildPhases = (
				B5DE8A021D2EA42C00F9C364 /* Sources */,
				B5DE8A031D2EA42C00F9C364 /* Frameworks */,
				B5DE8A041D2EA42C00F9C364 /* Resources */,
			);
			buildRules = (
			);
			dependencies = (
				B5DE8A0C1D2EA42D00F9C364 /* PBXTargetDependency */,
			);
			name = WilburUITests;
			productName = WilburUITests;
			productReference = B5DE8A061D2EA42C00F9C364 /* WilburUITests.xctest */;
			productType = "com.apple.product-type.bundle.ui-testing";
		};
/* End PBXNativeTarget section */

/* Begin PBXProject section */
		B548A4251CE8FFC40084215C /* Project object */ = {
			isa = PBXProject;
			attributes = {
				LastSwiftUpdateCheck = 0730;
				LastUpgradeCheck = 0730;
				ORGANIZATIONNAME = "Sullivan Applications";
				TargetAttributes = {
					B548A42C1CE8FFC40084215C = {
						CreatedOnToolsVersion = 7.3;
						DevelopmentTeam = 2KVYSWMVXX;
						LastSwiftMigration = 0800;
					};
					B5DE8A051D2EA42C00F9C364 = {
						CreatedOnToolsVersion = 7.3;
						TestTargetID = B548A42C1CE8FFC40084215C;
					};
				};
			};
			buildConfigurationList = B548A4281CE8FFC40084215C /* Build configuration list for PBXProject "Wildlife" */;
			compatibilityVersion = "Xcode 3.2";
			developmentRegion = English;
			hasScannedForEncodings = 0;
			knownRegions = (
				en,
				Base,
			);
			mainGroup = B548A4241CE8FFC40084215C;
			productRefGroup = B548A42E1CE8FFC40084215C /* Products */;
			projectDirPath = "";
			projectRoot = "";
			targets = (
				B548A42C1CE8FFC40084215C /* Wildlife */,
				B5DE8A051D2EA42C00F9C364 /* WilburUITests */,
			);
		};
/* End PBXProject section */

/* Begin PBXResourcesBuildPhase section */
		B548A42B1CE8FFC40084215C /* Resources */ = {
			isa = PBXResourcesBuildPhase;
			buildActionMask = 2147483647;
			files = (
				B5D3F9971CEB41BD00EEB78F /* FIGHTT3_.ttf in Resources */,
				B548A44A1CE903690084215C /* NotoSans-Bold.ttf in Resources */,
				B51CBCD41CF45DB000112B51 /* Feed.storyboard in Resources */,
				B548A43B1CE8FFC40084215C /* LaunchScreen.storyboard in Resources */,
				B548A44B1CE903690084215C /* NotoSans-BoldItalic.ttf in Resources */,
				B5D14BA61D2AC2F200D0FF3E /* GoogleService-Info.plist in Resources */,
				B548A44C1CE903690084215C /* NotoSans-Italic.ttf in Resources */,
				B548A4381CE8FFC40084215C /* Assets.xcassets in Resources */,
				B548A4361CE8FFC40084215C /* Main.storyboard in Resources */,
				B56697271D354A3D00CB8236 /* MyPosts.storyboard in Resources */,
				B548A44D1CE903690084215C /* NotoSans-Regular.ttf in Resources */,
				B51CBCFC1CF4EBBE00112B51 /* Login.storyboard in Resources */,
				B52F44E71D2BE97100FC93EB /* Comments.storyboard in Resources */,
			);
			runOnlyForDeploymentPostprocessing = 0;
		};
		B5DE8A041D2EA42C00F9C364 /* Resources */ = {
			isa = PBXResourcesBuildPhase;
			buildActionMask = 2147483647;
			files = (
			);
			runOnlyForDeploymentPostprocessing = 0;
		};
/* End PBXResourcesBuildPhase section */

/* Begin PBXShellScriptBuildPhase section */
		14551F08D15EE881BFBAB953 /* 📦 Embed Pods Frameworks */ = {
			isa = PBXShellScriptBuildPhase;
			buildActionMask = 2147483647;
			files = (
			);
			inputPaths = (
			);
			name = "📦 Embed Pods Frameworks";
			outputPaths = (
			);
			runOnlyForDeploymentPostprocessing = 0;
			shellPath = /bin/sh;
			shellScript = "\"${SRCROOT}/Pods/Target Support Files/Pods-Wildlife/Pods-Wildlife-frameworks.sh\"\n";
			showEnvVarsInLog = 0;
		};
		329E7D30B83D860CA1F80830 /* 📦 Copy Pods Resources */ = {
			isa = PBXShellScriptBuildPhase;
			buildActionMask = 2147483647;
			files = (
			);
			inputPaths = (
			);
			name = "📦 Copy Pods Resources";
			outputPaths = (
			);
			runOnlyForDeploymentPostprocessing = 0;
			shellPath = /bin/sh;
			shellScript = "\"${SRCROOT}/Pods/Target Support Files/Pods-Wildlife/Pods-Wildlife-resources.sh\"\n";
			showEnvVarsInLog = 0;
		};
		DD06AEE87F4A33C6DDF85556 /* 📦 Check Pods Manifest.lock */ = {
			isa = PBXShellScriptBuildPhase;
			buildActionMask = 2147483647;
			files = (
			);
			inputPaths = (
			);
			name = "📦 Check Pods Manifest.lock";
			outputPaths = (
			);
			runOnlyForDeploymentPostprocessing = 0;
			shellPath = /bin/sh;
			shellScript = "diff \"${PODS_ROOT}/../Podfile.lock\" \"${PODS_ROOT}/Manifest.lock\" > /dev/null\nif [[ $? != 0 ]] ; then\n    cat << EOM\nerror: The sandbox is not in sync with the Podfile.lock. Run 'pod install' or update your CocoaPods installation.\nEOM\n    exit 1\nfi\n";
			showEnvVarsInLog = 0;
		};
/* End PBXShellScriptBuildPhase section */

/* Begin PBXSourcesBuildPhase section */
		B548A4291CE8FFC40084215C /* Sources */ = {
			isa = PBXSourcesBuildPhase;
			buildActionMask = 2147483647;
			files = (
				B5D3F99B1CEB4A9F00EEB78F /* ProfileVC.swift in Sources */,
				B501DBBB1D0305CE001320C7 /* AppState.swift in Sources */,
				B5D85BF81CFA134C00E62148 /* ProfileTableVC.swift in Sources */,
				B5FD20AA1D3E2CE10095D583 /* Protocols.swift in Sources */,
				B548A4561CE90F630084215C /* MaterialTextField.swift in Sources */,
				B56697221D352B4E00CB8236 /* AnsweredCell.swift in Sources */,
				B5068C3D1CEF18F400AA8C86 /* PagingVC.swift in Sources */,
				B5E484F01D02F83C0099A060 /* HelperFunctions.swift in Sources */,
				B5D6A9801D358A56006B7207 /* CreatePost.swift in Sources */,
				B566CB411CE920A500415A3E /* DataService.swift in Sources */,
				B548A44F1CE905950084215C /* RoundedViews.swift in Sources */,
				B56697291D354B5E00CB8236 /* MyPostsCell.swift in Sources */,
				B501DBBD1D0305E9001320C7 /* Cache.swift in Sources */,
				B52DBDF11CFDA24F00CB7486 /* AudioControls.swift in Sources */,
				B5D3F9991CEB498500EEB78F /* extensions.swift in Sources */,
				B548A4331CE8FFC40084215C /* LoginVC.swift in Sources */,
				B566CB431CE9C6A500415A3E /* FeedVC.swift in Sources */,
				B566CB451CE9C72500415A3E /* PostCell.swift in Sources */,
				B548A4311CE8FFC40084215C /* AppDelegate.swift in Sources */,
				B516F19C1D27CEC00022707C /* CommentsVC.swift in Sources */,
				B5DE8A011D2E812B00F9C364 /* ShowcaseImage.swift in Sources */,
				B5E553121D144EE100982E60 /* PageContainer.swift in Sources */,
				B5D14B9E1D2927FD00D0FF3E /* CommentImageCell.swift in Sources */,
				B548A4521CE906A80084215C /* Constants.swift in Sources */,
				B5D85BF51CFA12B800E62148 /* WaveformView.swift in Sources */,
				B5FD20AC1D3E31E70095D583 /* PostService.swift in Sources */,
				B5D14B9C1D2920F500D0FF3E /* CommentCell.swift in Sources */,
				B548A4541CE90A5E0084215C /* MaterialButton.swift in Sources */,
				B5FD20A81D3E2C8B0095D583 /* ImageTableCell.swift in Sources */,
				B5777B821D01CE1B0062683C /* MyPostsVC.swift in Sources */,
				B55E6DBC1D192E7600A128E7 /* CreatePostVC.swift in Sources */,
				B56697241D352B8B00CB8236 /* AnsweredVC.swift in Sources */,
				B566CB471CE9E15500415A3E /* Post.swift in Sources */,
				B55808371CF713CE00FEC41D /* SplashVC.swift in Sources */,
			);
			runOnlyForDeploymentPostprocessing = 0;
		};
		B5DE8A021D2EA42C00F9C364 /* Sources */ = {
			isa = PBXSourcesBuildPhase;
			buildActionMask = 2147483647;
			files = (
				B5DE8A091D2EA42D00F9C364 /* WilburUITests.swift in Sources */,
			);
			runOnlyForDeploymentPostprocessing = 0;
		};
/* End PBXSourcesBuildPhase section */

/* Begin PBXTargetDependency section */
		B5DE8A0C1D2EA42D00F9C364 /* PBXTargetDependency */ = {
			isa = PBXTargetDependency;
			target = B548A42C1CE8FFC40084215C /* Wildlife */;
			targetProxy = B5DE8A0B1D2EA42D00F9C364 /* PBXContainerItemProxy */;
		};
/* End PBXTargetDependency section */

/* Begin PBXVariantGroup section */
		B51CBCD21CF45DB000112B51 /* Feed.storyboard */ = {
			isa = PBXVariantGroup;
			children = (
				B51CBCD31CF45DB000112B51 /* Base */,
			);
			name = Feed.storyboard;
			sourceTree = "<group>";
		};
		B51CBCFA1CF4EBBE00112B51 /* Login.storyboard */ = {
			isa = PBXVariantGroup;
			children = (
				B51CBCFB1CF4EBBE00112B51 /* Base */,
			);
			name = Login.storyboard;
			sourceTree = "<group>";
		};
		B52F44E51D2BE97100FC93EB /* Comments.storyboard */ = {
			isa = PBXVariantGroup;
			children = (
				B52F44E61D2BE97100FC93EB /* Base */,
			);
			name = Comments.storyboard;
			sourceTree = "<group>";
		};
		B548A4341CE8FFC40084215C /* Main.storyboard */ = {
			isa = PBXVariantGroup;
			children = (
				B548A4351CE8FFC40084215C /* Base */,
			);
			name = Main.storyboard;
			sourceTree = "<group>";
		};
		B548A4391CE8FFC40084215C /* LaunchScreen.storyboard */ = {
			isa = PBXVariantGroup;
			children = (
				B548A43A1CE8FFC40084215C /* Base */,
			);
			name = LaunchScreen.storyboard;
			sourceTree = "<group>";
		};
		B56697251D354A3D00CB8236 /* MyPosts.storyboard */ = {
			isa = PBXVariantGroup;
			children = (
				B56697261D354A3D00CB8236 /* Base */,
			);
			name = MyPosts.storyboard;
			sourceTree = "<group>";
		};
/* End PBXVariantGroup section */

/* Begin XCBuildConfiguration section */
		B548A43D1CE8FFC40084215C /* Debug */ = {
			isa = XCBuildConfiguration;
			buildSettings = {
				ALWAYS_SEARCH_USER_PATHS = NO;
				CLANG_ANALYZER_NONNULL = YES;
				CLANG_CXX_LANGUAGE_STANDARD = "gnu++0x";
				CLANG_CXX_LIBRARY = "libc++";
				CLANG_ENABLE_MODULES = YES;
				CLANG_ENABLE_OBJC_ARC = YES;
				CLANG_WARN_BOOL_CONVERSION = YES;
				CLANG_WARN_CONSTANT_CONVERSION = YES;
				CLANG_WARN_DIRECT_OBJC_ISA_USAGE = YES_ERROR;
				CLANG_WARN_EMPTY_BODY = YES;
				CLANG_WARN_ENUM_CONVERSION = YES;
				CLANG_WARN_INT_CONVERSION = YES;
				CLANG_WARN_OBJC_ROOT_CLASS = YES_ERROR;
				CLANG_WARN_UNREACHABLE_CODE = YES;
				CLANG_WARN__DUPLICATE_METHOD_MATCH = YES;
				"CODE_SIGN_IDENTITY[sdk=iphoneos*]" = "iPhone Developer";
				COPY_PHASE_STRIP = NO;
				DEBUG_INFORMATION_FORMAT = dwarf;
				ENABLE_STRICT_OBJC_MSGSEND = YES;
				ENABLE_TESTABILITY = YES;
				FRAMEWORK_SEARCH_PATHS = (
					"$(SRCROOT)/**",
					"$(PROJECT_DIR)/**",
					"$(inherited)/**",
				);
				GCC_C_LANGUAGE_STANDARD = gnu99;
				GCC_DYNAMIC_NO_PIC = NO;
				GCC_NO_COMMON_BLOCKS = YES;
				GCC_OPTIMIZATION_LEVEL = 0;
				GCC_PREPROCESSOR_DEFINITIONS = (
					"DEBUG=1",
					"$(inherited)",
				);
				GCC_WARN_64_TO_32_BIT_CONVERSION = YES;
				GCC_WARN_ABOUT_RETURN_TYPE = YES_ERROR;
				GCC_WARN_UNDECLARED_SELECTOR = YES;
				GCC_WARN_UNINITIALIZED_AUTOS = YES_AGGRESSIVE;
				GCC_WARN_UNUSED_FUNCTION = YES;
				GCC_WARN_UNUSED_VARIABLE = YES;
				HEADER_SEARCH_PATHS = "$(inherited)/**";
				IPHONEOS_DEPLOYMENT_TARGET = 9.3;
				MTL_ENABLE_DEBUG_INFO = YES;
				ONLY_ACTIVE_ARCH = YES;
				SDKROOT = iphoneos;
				SWIFT_OPTIMIZATION_LEVEL = "-Onone";
				TARGETED_DEVICE_FAMILY = "1,2";
			};
			name = Debug;
		};
		B548A43E1CE8FFC40084215C /* Release */ = {
			isa = XCBuildConfiguration;
			buildSettings = {
				ALWAYS_SEARCH_USER_PATHS = NO;
				CLANG_ANALYZER_NONNULL = YES;
				CLANG_CXX_LANGUAGE_STANDARD = "gnu++0x";
				CLANG_CXX_LIBRARY = "libc++";
				CLANG_ENABLE_MODULES = YES;
				CLANG_ENABLE_OBJC_ARC = YES;
				CLANG_WARN_BOOL_CONVERSION = YES;
				CLANG_WARN_CONSTANT_CONVERSION = YES;
				CLANG_WARN_DIRECT_OBJC_ISA_USAGE = YES_ERROR;
				CLANG_WARN_EMPTY_BODY = YES;
				CLANG_WARN_ENUM_CONVERSION = YES;
				CLANG_WARN_INT_CONVERSION = YES;
				CLANG_WARN_OBJC_ROOT_CLASS = YES_ERROR;
				CLANG_WARN_UNREACHABLE_CODE = YES;
				CLANG_WARN__DUPLICATE_METHOD_MATCH = YES;
				"CODE_SIGN_IDENTITY[sdk=iphoneos*]" = "iPhone Developer";
				COPY_PHASE_STRIP = NO;
				DEBUG_INFORMATION_FORMAT = "dwarf-with-dsym";
				ENABLE_NS_ASSERTIONS = NO;
				ENABLE_STRICT_OBJC_MSGSEND = YES;
				FRAMEWORK_SEARCH_PATHS = (
					"$(SRCROOT)/**",
					"$(PROJECT_DIR)/**",
					"$(inherited)/**",
				);
				GCC_C_LANGUAGE_STANDARD = gnu99;
				GCC_NO_COMMON_BLOCKS = YES;
				GCC_WARN_64_TO_32_BIT_CONVERSION = YES;
				GCC_WARN_ABOUT_RETURN_TYPE = YES_ERROR;
				GCC_WARN_UNDECLARED_SELECTOR = YES;
				GCC_WARN_UNINITIALIZED_AUTOS = YES_AGGRESSIVE;
				GCC_WARN_UNUSED_FUNCTION = YES;
				GCC_WARN_UNUSED_VARIABLE = YES;
				HEADER_SEARCH_PATHS = "$(inherited)/**";
				"HEADER_SEARCH_PATHS[arch=*]" = "";
				IPHONEOS_DEPLOYMENT_TARGET = 9.3;
				MTL_ENABLE_DEBUG_INFO = NO;
				SDKROOT = iphoneos;
				TARGETED_DEVICE_FAMILY = "1,2";
				VALIDATE_PRODUCT = YES;
			};
			name = Release;
		};
		B548A4401CE8FFC40084215C /* Debug */ = {
			isa = XCBuildConfiguration;
			baseConfigurationReference = 9025CDEE26ACA91AABC390FC /* Pods-Wildlife.debug.xcconfig */;
			buildSettings = {
				ASSETCATALOG_COMPILER_APPICON_NAME = AppIcon;
				CLANG_ENABLE_MODULES = YES;
				CODE_SIGN_IDENTITY = "iPhone Developer";
				"CODE_SIGN_IDENTITY[sdk=iphoneos*]" = "iPhone Developer";
				ENABLE_BITCODE = NO;
				FRAMEWORK_SEARCH_PATHS = (
					"$(SRCROOT)/**",
					"$(inherited)/**",
					"$(PROJECT_DIR)/**",
				);
				HEADER_SEARCH_PATHS = "$(inherited)/**";
				INFOPLIST_FILE = DevslopesFirebaseShowcase/Info.plist;
				IPHONEOS_DEPLOYMENT_TARGET = 9.0;
				LD_RUNPATH_SEARCH_PATHS = "$(inherited) @executable_path/Frameworks";
				PRODUCT_BUNDLE_IDENTIFIER = com.SullivanApplications.Wildlife;
				PRODUCT_NAME = Wilbur;
				PROVISIONING_PROFILE = "";
				SWIFT_OBJC_BRIDGING_HEADER = "Wildlife-Bridging-Header.h";
				SWIFT_OPTIMIZATION_LEVEL = "-Onone";
				SWIFT_VERSION = 2.3;
				TARGETED_DEVICE_FAMILY = 1;
			};
			name = Debug;
		};
		B548A4411CE8FFC40084215C /* Release */ = {
			isa = XCBuildConfiguration;
			baseConfigurationReference = 26AAC8E599183F4EF442741D /* Pods-Wildlife.release.xcconfig */;
			buildSettings = {
				ASSETCATALOG_COMPILER_APPICON_NAME = AppIcon;
				CLANG_ENABLE_MODULES = YES;
				CODE_SIGN_IDENTITY = "iPhone Developer";
				"CODE_SIGN_IDENTITY[sdk=iphoneos*]" = "iPhone Developer";
				ENABLE_BITCODE = NO;
				FRAMEWORK_SEARCH_PATHS = (
					"$(SRCROOT)/**",
					"$(inherited)/**",
					"$(PROJECT_DIR)/**",
				);
				HEADER_SEARCH_PATHS = "$(inherited)/**";
				INFOPLIST_FILE = DevslopesFirebaseShowcase/Info.plist;
				IPHONEOS_DEPLOYMENT_TARGET = 9.0;
				LD_RUNPATH_SEARCH_PATHS = "$(inherited) @executable_path/Frameworks";
				PRODUCT_BUNDLE_IDENTIFIER = com.SullivanApplications.Wildlife;
				PRODUCT_NAME = Wilbur;
				PROVISIONING_PROFILE = "";
				SWIFT_OBJC_BRIDGING_HEADER = "Wildlife-Bridging-Header.h";
				SWIFT_VERSION = 2.3;
				TARGETED_DEVICE_FAMILY = 1;
			};
			name = Release;
		};
		B5DE8A0E1D2EA42D00F9C364 /* Debug */ = {
			isa = XCBuildConfiguration;
			buildSettings = {
				INFOPLIST_FILE = WilburUITests/Info.plist;
				LD_RUNPATH_SEARCH_PATHS = "$(inherited) @executable_path/Frameworks @loader_path/Frameworks";
				PRODUCT_BUNDLE_IDENTIFIER = "Sullivan-Applications.WilburUITests";
				PRODUCT_NAME = "$(TARGET_NAME)";
				TEST_TARGET_NAME = Wildlife;
			};
			name = Debug;
		};
		B5DE8A0F1D2EA42D00F9C364 /* Release */ = {
			isa = XCBuildConfiguration;
			buildSettings = {
				INFOPLIST_FILE = WilburUITests/Info.plist;
				LD_RUNPATH_SEARCH_PATHS = "$(inherited) @executable_path/Frameworks @loader_path/Frameworks";
				PRODUCT_BUNDLE_IDENTIFIER = "Sullivan-Applications.WilburUITests";
				PRODUCT_NAME = "$(TARGET_NAME)";
				TEST_TARGET_NAME = Wildlife;
			};
			name = Release;
		};
/* End XCBuildConfiguration section */

/* Begin XCConfigurationList section */
		B548A4281CE8FFC40084215C /* Build configuration list for PBXProject "Wildlife" */ = {
			isa = XCConfigurationList;
			buildConfigurations = (
				B548A43D1CE8FFC40084215C /* Debug */,
				B548A43E1CE8FFC40084215C /* Release */,
			);
			defaultConfigurationIsVisible = 0;
			defaultConfigurationName = Release;
		};
		B548A43F1CE8FFC40084215C /* Build configuration list for PBXNativeTarget "Wildlife" */ = {
			isa = XCConfigurationList;
			buildConfigurations = (
				B548A4401CE8FFC40084215C /* Debug */,
				B548A4411CE8FFC40084215C /* Release */,
			);
			defaultConfigurationIsVisible = 0;
			defaultConfigurationName = Release;
		};
		B5DE8A0D1D2EA42D00F9C364 /* Build configuration list for PBXNativeTarget "WilburUITests" */ = {
			isa = XCConfigurationList;
			buildConfigurations = (
				B5DE8A0E1D2EA42D00F9C364 /* Debug */,
				B5DE8A0F1D2EA42D00F9C364 /* Release */,
			);
			defaultConfigurationIsVisible = 0;
			defaultConfigurationName = Release;
		};
/* End XCConfigurationList section */
	};
	rootObject = B548A4251CE8FFC40084215C /* Project object */;
}
